// !$*UTF8*$!
{
	archiveVersion = 1;
	classes = {
	};
	objectVersion = 48;
	objects = {

/* Begin PBXBuildFile section */
		2C087F122086777B002C4C60 /* OnboardViewController.swift in Sources */ = {isa = PBXBuildFile; fileRef = 2C087F112086777B002C4C60 /* OnboardViewController.swift */; };
		2C0C898F208DC91C0096E6DB /* Pods_ARDesigner.framework in Frameworks */ = {isa = PBXBuildFile; fileRef = B6672F71678831FB411C0875 /* Pods_ARDesigner.framework */; };
		2C0C8990208DC91C0096E6DB /* Pods_ARDesigner.framework in Embed Frameworks */ = {isa = PBXBuildFile; fileRef = B6672F71678831FB411C0875 /* Pods_ARDesigner.framework */; settings = {ATTRIBUTES = (CodeSignOnCopy, RemoveHeadersOnCopy, ); }; };
		2C0C8992208E25E40096E6DB /* MainViewController+ImagePickerControllerDelegate.swift in Sources */ = {isa = PBXBuildFile; fileRef = 2C0C8991208E25E40096E6DB /* MainViewController+ImagePickerControllerDelegate.swift */; };
		2C0D4904204DADB5004DB077 /* GoogleService-Info.plist in Resources */ = {isa = PBXBuildFile; fileRef = 2C0D4903204DADB4004DB077 /* GoogleService-Info.plist */; };
		2C2C902E206020CA00E48DA2 /* DownloadViewController+ViewInitialization.swift in Sources */ = {isa = PBXBuildFile; fileRef = 2C2C9029206020CA00E48DA2 /* DownloadViewController+ViewInitialization.swift */; };
		2C2C902F206020CA00E48DA2 /* DownloadViewController+Functionality.swift in Sources */ = {isa = PBXBuildFile; fileRef = 2C2C902A206020CA00E48DA2 /* DownloadViewController+Functionality.swift */; };
		2C2C9030206020CA00E48DA2 /* DownloadViewController+TableView.swift in Sources */ = {isa = PBXBuildFile; fileRef = 2C2C902B206020CA00E48DA2 /* DownloadViewController+TableView.swift */; };
		2C2C9031206020CA00E48DA2 /* DownloadViewController.swift in Sources */ = {isa = PBXBuildFile; fileRef = 2C2C902C206020CA00E48DA2 /* DownloadViewController.swift */; };
		2C2C9032206020CA00E48DA2 /* DownloadViewController+FolderFunctions.swift in Sources */ = {isa = PBXBuildFile; fileRef = 2C2C902D206020CA00E48DA2 /* DownloadViewController+FolderFunctions.swift */; };
		2C2C90342060211800E48DA2 /* GDMaybeDBFile.swift in Sources */ = {isa = PBXBuildFile; fileRef = 2C2C90332060211700E48DA2 /* GDMaybeDBFile.swift */; };
		2C2C90362060217F00E48DA2 /* String.swift in Sources */ = {isa = PBXBuildFile; fileRef = 2C2C90352060217F00E48DA2 /* String.swift */; };
		2C2C903B206027B400E48DA2 /* GoogleDriveViewController.swift in Sources */ = {isa = PBXBuildFile; fileRef = 2C2C903A206027B400E48DA2 /* GoogleDriveViewController.swift */; };
		2C31B39E206121270039AA2F /* SelectDownloadSource.swift in Sources */ = {isa = PBXBuildFile; fileRef = 2C31B39D206121270039AA2F /* SelectDownloadSource.swift */; };
		2C3B5BB32051C25700266544 /* BB in Resources */ = {isa = PBXBuildFile; fileRef = 2C3B5BB22051C25600266544 /* BB */; };
		2C3C699F2029F84B009BE216 /* AppDelegate.swift in Sources */ = {isa = PBXBuildFile; fileRef = 2C3C699E2029F84B009BE216 /* AppDelegate.swift */; };
		2C3C69A12029F84B009BE216 /* art.scnassets in Resources */ = {isa = PBXBuildFile; fileRef = 2C3C69A02029F84B009BE216 /* art.scnassets */; };
		2C3C69A32029F84B009BE216 /* MainViewController.swift in Sources */ = {isa = PBXBuildFile; fileRef = 2C3C69A22029F84B009BE216 /* MainViewController.swift */; };
		2C3C69A62029F84B009BE216 /* Main.storyboard in Resources */ = {isa = PBXBuildFile; fileRef = 2C3C69A42029F84B009BE216 /* Main.storyboard */; };
		2C3C69A82029F84B009BE216 /* Assets.xcassets in Resources */ = {isa = PBXBuildFile; fileRef = 2C3C69A72029F84B009BE216 /* Assets.xcassets */; };
		2C3C69AB2029F84B009BE216 /* LaunchScreen.storyboard in Resources */ = {isa = PBXBuildFile; fileRef = 2C3C69A92029F84B009BE216 /* LaunchScreen.storyboard */; };
		2C487F6C2094FFE8003AC608 /* MainViewController+ToolBox.swift in Sources */ = {isa = PBXBuildFile; fileRef = 2C487F6B2094FFE8003AC608 /* MainViewController+ToolBox.swift */; };
		2C487F6E2095F4F8003AC608 /* MeasurementTool.swift in Sources */ = {isa = PBXBuildFile; fileRef = 2C487F6D2095F4F8003AC608 /* MeasurementTool.swift */; };
		2C77BBA0203CBAF0001EF77F /* MainViewController+AddModel.swift in Sources */ = {isa = PBXBuildFile; fileRef = 2C77BB9E203CBAF0001EF77F /* MainViewController+AddModel.swift */; };
		2C77BBA1203CBAF0001EF77F /* MainViewController+ManageModel.swift in Sources */ = {isa = PBXBuildFile; fileRef = 2C77BB9F203CBAF0001EF77F /* MainViewController+ManageModel.swift */; };
		2C77BBA3203CBB24001EF77F /* ModelManager.swift in Sources */ = {isa = PBXBuildFile; fileRef = 2C77BBA2203CBB24001EF77F /* ModelManager.swift */; };
		2C77BBA5203D3FB5001EF77F /* MainViewController+TableView.swift in Sources */ = {isa = PBXBuildFile; fileRef = 2C77BBA4203D3FB5001EF77F /* MainViewController+TableView.swift */; };
		2CBB77062084A9C6007D8559 /* PhotoAndVideoRecorder.swift in Sources */ = {isa = PBXBuildFile; fileRef = 2CBB77052084A9C6007D8559 /* PhotoAndVideoRecorder.swift */; };
		2CE9CFCA20497F5D00ACCDB7 /* AssimpKit.framework in Frameworks */ = {isa = PBXBuildFile; fileRef = 2CE9CFC32049791500ACCDB7 /* AssimpKit.framework */; };
		2CE9CFCB20497F5D00ACCDB7 /* AssimpKit.framework in Embed Frameworks */ = {isa = PBXBuildFile; fileRef = 2CE9CFC32049791500ACCDB7 /* AssimpKit.framework */; settings = {ATTRIBUTES = (CodeSignOnCopy, RemoveHeadersOnCopy, ); }; };
		2CE9D246208716020083F6FA /* flash.mp3 in Resources */ = {isa = PBXBuildFile; fileRef = 2CE9D245208716020083F6FA /* flash.mp3 */; };
		2CF8D627203862C300FB0CAB /* MainViewController+ARSCNViewDelegate.swift in Sources */ = {isa = PBXBuildFile; fileRef = 2CF8D626203862C300FB0CAB /* MainViewController+ARSCNViewDelegate.swift */; };
		2CF8D6292038632300FB0CAB /* Extensions.swift in Sources */ = {isa = PBXBuildFile; fileRef = 2CF8D6282038632300FB0CAB /* Extensions.swift */; };
		2CF8D62D2038B8EF00FB0CAB /* SphereNode.swift in Sources */ = {isa = PBXBuildFile; fileRef = 2CF8D62C2038B8EF00FB0CAB /* SphereNode.swift */; };
		9709D50605A49C8668634900 /* Pods_ARDesigner.framework in Frameworks */ = {isa = PBXBuildFile; fileRef = B6672F71678831FB411C0875 /* Pods_ARDesigner.framework */; };
		C730BC0D2039D093005ACC4F /* AddModelViewController.swift in Sources */ = {isa = PBXBuildFile; fileRef = C730BC0C2039D093005ACC4F /* AddModelViewController.swift */; };
		C7394F22203C5F3F002B6494 /* DirectoryManager.swift in Sources */ = {isa = PBXBuildFile; fileRef = C7394F21203C5F3F002B6494 /* DirectoryManager.swift */; };
		C76E1093203CBAA000E75A81 /* models in Resources */ = {isa = PBXBuildFile; fileRef = C76E1092203CBA9F00E75A81 /* models */; };
/* End PBXBuildFile section */

/* Begin PBXCopyFilesBuildPhase section */
		2CE9CFCC20497F5D00ACCDB7 /* Embed Frameworks */ = {
			isa = PBXCopyFilesBuildPhase;
			buildActionMask = 2147483647;
			dstPath = "";
			dstSubfolderSpec = 10;
			files = (
				2C0C8990208DC91C0096E6DB /* Pods_ARDesigner.framework in Embed Frameworks */,
				2CE9CFCB20497F5D00ACCDB7 /* AssimpKit.framework in Embed Frameworks */,
			);
			name = "Embed Frameworks";
			runOnlyForDeploymentPostprocessing = 0;
		};
/* End PBXCopyFilesBuildPhase section */

/* Begin PBXFileReference section */
		2C087F0E208676A2002C4C60 /* paper_onboarding.framework */ = {isa = PBXFileReference; explicitFileType = wrapper.framework; path = paper_onboarding.framework; sourceTree = BUILT_PRODUCTS_DIR; };
		2C087F112086777B002C4C60 /* OnboardViewController.swift */ = {isa = PBXFileReference; lastKnownFileType = sourcecode.swift; path = OnboardViewController.swift; sourceTree = "<group>"; };
		2C087F1420867D0B002C4C60 /* paper_onboarding.framework */ = {isa = PBXFileReference; explicitFileType = wrapper.framework; path = paper_onboarding.framework; sourceTree = BUILT_PRODUCTS_DIR; };
		2C0C8991208E25E40096E6DB /* MainViewController+ImagePickerControllerDelegate.swift */ = {isa = PBXFileReference; lastKnownFileType = sourcecode.swift; path = "MainViewController+ImagePickerControllerDelegate.swift"; sourceTree = "<group>"; };
		2C0D4903204DADB4004DB077 /* GoogleService-Info.plist */ = {isa = PBXFileReference; fileEncoding = 4; lastKnownFileType = text.plist.xml; path = "GoogleService-Info.plist"; sourceTree = "<group>"; };
		2C2C9029206020CA00E48DA2 /* DownloadViewController+ViewInitialization.swift */ = {isa = PBXFileReference; fileEncoding = 4; lastKnownFileType = sourcecode.swift; name = "DownloadViewController+ViewInitialization.swift"; path = "ARDesigner/ViewControllers/DownloadViewController/DownloadViewController+ViewInitialization.swift"; sourceTree = SOURCE_ROOT; };
		2C2C902A206020CA00E48DA2 /* DownloadViewController+Functionality.swift */ = {isa = PBXFileReference; fileEncoding = 4; lastKnownFileType = sourcecode.swift; name = "DownloadViewController+Functionality.swift"; path = "ARDesigner/ViewControllers/DownloadViewController/DownloadViewController+Functionality.swift"; sourceTree = SOURCE_ROOT; };
		2C2C902B206020CA00E48DA2 /* DownloadViewController+TableView.swift */ = {isa = PBXFileReference; fileEncoding = 4; lastKnownFileType = sourcecode.swift; name = "DownloadViewController+TableView.swift"; path = "ARDesigner/ViewControllers/DownloadViewController/DownloadViewController+TableView.swift"; sourceTree = SOURCE_ROOT; };
		2C2C902C206020CA00E48DA2 /* DownloadViewController.swift */ = {isa = PBXFileReference; fileEncoding = 4; lastKnownFileType = sourcecode.swift; name = DownloadViewController.swift; path = ARDesigner/ViewControllers/DownloadViewController/DownloadViewController.swift; sourceTree = SOURCE_ROOT; };
		2C2C902D206020CA00E48DA2 /* DownloadViewController+FolderFunctions.swift */ = {isa = PBXFileReference; fileEncoding = 4; lastKnownFileType = sourcecode.swift; name = "DownloadViewController+FolderFunctions.swift"; path = "ARDesigner/ViewControllers/DownloadViewController/DownloadViewController+FolderFunctions.swift"; sourceTree = SOURCE_ROOT; };
		2C2C90332060211700E48DA2 /* GDMaybeDBFile.swift */ = {isa = PBXFileReference; fileEncoding = 4; lastKnownFileType = sourcecode.swift; name = GDMaybeDBFile.swift; path = ARDesigner/ViewControllers/GDMaybeDBFile.swift; sourceTree = SOURCE_ROOT; };
		2C2C90352060217F00E48DA2 /* String.swift */ = {isa = PBXFileReference; fileEncoding = 4; lastKnownFileType = sourcecode.swift; name = String.swift; path = ARDesigner/ViewControllers/String.swift; sourceTree = SOURCE_ROOT; };
		2C2C903A206027B400E48DA2 /* GoogleDriveViewController.swift */ = {isa = PBXFileReference; fileEncoding = 4; lastKnownFileType = sourcecode.swift; path = GoogleDriveViewController.swift; sourceTree = "<group>"; };
		2C31B39D206121270039AA2F /* SelectDownloadSource.swift */ = {isa = PBXFileReference; lastKnownFileType = sourcecode.swift; path = SelectDownloadSource.swift; sourceTree = "<group>"; };
		2C3B5BB22051C25600266544 /* BB */ = {isa = PBXFileReference; lastKnownFileType = folder; path = BB; sourceTree = SOURCE_ROOT; };
		2C3C699B2029F84B009BE216 /* ARDesigner.app */ = {isa = PBXFileReference; explicitFileType = wrapper.application; includeInIndex = 0; path = ARDesigner.app; sourceTree = BUILT_PRODUCTS_DIR; };
		2C3C699E2029F84B009BE216 /* AppDelegate.swift */ = {isa = PBXFileReference; lastKnownFileType = sourcecode.swift; path = AppDelegate.swift; sourceTree = "<group>"; };
		2C3C69A02029F84B009BE216 /* art.scnassets */ = {isa = PBXFileReference; lastKnownFileType = wrapper.scnassets; path = art.scnassets; sourceTree = "<group>"; };
		2C3C69A22029F84B009BE216 /* MainViewController.swift */ = {isa = PBXFileReference; lastKnownFileType = sourcecode.swift; path = MainViewController.swift; sourceTree = "<group>"; };
		2C3C69A52029F84B009BE216 /* Base */ = {isa = PBXFileReference; lastKnownFileType = file.storyboard; name = Base; path = Base.lproj/Main.storyboard; sourceTree = "<group>"; };
		2C3C69A72029F84B009BE216 /* Assets.xcassets */ = {isa = PBXFileReference; lastKnownFileType = folder.assetcatalog; path = Assets.xcassets; sourceTree = "<group>"; };
		2C3C69AA2029F84B009BE216 /* Base */ = {isa = PBXFileReference; lastKnownFileType = file.storyboard; name = Base; path = Base.lproj/LaunchScreen.storyboard; sourceTree = "<group>"; };
		2C3C69AC2029F84B009BE216 /* Info.plist */ = {isa = PBXFileReference; lastKnownFileType = text.plist.xml; path = Info.plist; sourceTree = "<group>"; };
		2C487F6B2094FFE8003AC608 /* MainViewController+ToolBox.swift */ = {isa = PBXFileReference; lastKnownFileType = sourcecode.swift; path = "MainViewController+ToolBox.swift"; sourceTree = "<group>"; };
		2C487F6D2095F4F8003AC608 /* MeasurementTool.swift */ = {isa = PBXFileReference; lastKnownFileType = sourcecode.swift; path = MeasurementTool.swift; sourceTree = "<group>"; };
		2C77BB9E203CBAF0001EF77F /* MainViewController+AddModel.swift */ = {isa = PBXFileReference; fileEncoding = 4; lastKnownFileType = sourcecode.swift; path = "MainViewController+AddModel.swift"; sourceTree = "<group>"; };
		2C77BB9F203CBAF0001EF77F /* MainViewController+ManageModel.swift */ = {isa = PBXFileReference; fileEncoding = 4; lastKnownFileType = sourcecode.swift; path = "MainViewController+ManageModel.swift"; sourceTree = "<group>"; };
		2C77BBA2203CBB24001EF77F /* ModelManager.swift */ = {isa = PBXFileReference; fileEncoding = 4; lastKnownFileType = sourcecode.swift; path = ModelManager.swift; sourceTree = "<group>"; };
		2C77BBA4203D3FB5001EF77F /* MainViewController+TableView.swift */ = {isa = PBXFileReference; lastKnownFileType = sourcecode.swift; path = "MainViewController+TableView.swift"; sourceTree = "<group>"; };
		2CBB77052084A9C6007D8559 /* PhotoAndVideoRecorder.swift */ = {isa = PBXFileReference; lastKnownFileType = sourcecode.swift; path = PhotoAndVideoRecorder.swift; sourceTree = "<group>"; };
		2CE9CFC32049791500ACCDB7 /* AssimpKit.framework */ = {isa = PBXFileReference; lastKnownFileType = wrapper.framework; name = AssimpKit.framework; path = Frameworks/AssimpKit.framework; sourceTree = "<group>"; };
		2CE9CFC520497A8600ACCDB7 /* ARDesigner-Bridging-Header.h */ = {isa = PBXFileReference; lastKnownFileType = sourcecode.c.h; path = "ARDesigner-Bridging-Header.h"; sourceTree = "<group>"; };
		2CE9D245208716020083F6FA /* flash.mp3 */ = {isa = PBXFileReference; lastKnownFileType = audio.mp3; path = flash.mp3; sourceTree = "<group>"; };
		2CF8D626203862C300FB0CAB /* MainViewController+ARSCNViewDelegate.swift */ = {isa = PBXFileReference; lastKnownFileType = sourcecode.swift; path = "MainViewController+ARSCNViewDelegate.swift"; sourceTree = "<group>"; };
		2CF8D6282038632300FB0CAB /* Extensions.swift */ = {isa = PBXFileReference; lastKnownFileType = sourcecode.swift; path = Extensions.swift; sourceTree = "<group>"; };
		2CF8D62C2038B8EF00FB0CAB /* SphereNode.swift */ = {isa = PBXFileReference; lastKnownFileType = sourcecode.swift; path = SphereNode.swift; sourceTree = "<group>"; };
		3AEE56317FCA11D186EC9FD4 /* Pods-ARDesigner.debug.xcconfig */ = {isa = PBXFileReference; includeInIndex = 1; lastKnownFileType = text.xcconfig; name = "Pods-ARDesigner.debug.xcconfig"; path = "Pods/Target Support Files/Pods-ARDesigner/Pods-ARDesigner.debug.xcconfig"; sourceTree = "<group>"; };
		B6672F71678831FB411C0875 /* Pods_ARDesigner.framework */ = {isa = PBXFileReference; explicitFileType = wrapper.framework; includeInIndex = 0; path = Pods_ARDesigner.framework; sourceTree = BUILT_PRODUCTS_DIR; };
		C730BC0C2039D093005ACC4F /* AddModelViewController.swift */ = {isa = PBXFileReference; lastKnownFileType = sourcecode.swift; path = AddModelViewController.swift; sourceTree = "<group>"; };
		C7394F21203C5F3F002B6494 /* DirectoryManager.swift */ = {isa = PBXFileReference; lastKnownFileType = sourcecode.swift; path = DirectoryManager.swift; sourceTree = "<group>"; };
		C76E1092203CBA9F00E75A81 /* models */ = {isa = PBXFileReference; lastKnownFileType = folder; path = models; sourceTree = "<group>"; };
		EC80B1CBD77CBA3A9961A0A5 /* Pods-ARDesigner.release.xcconfig */ = {isa = PBXFileReference; includeInIndex = 1; lastKnownFileType = text.xcconfig; name = "Pods-ARDesigner.release.xcconfig"; path = "Pods/Target Support Files/Pods-ARDesigner/Pods-ARDesigner.release.xcconfig"; sourceTree = "<group>"; };
/* End PBXFileReference section */

/* Begin PBXFrameworksBuildPhase section */
		2C3C69982029F84B009BE216 /* Frameworks */ = {
			isa = PBXFrameworksBuildPhase;
			buildActionMask = 2147483647;
			files = (
				2CE9CFCA20497F5D00ACCDB7 /* AssimpKit.framework in Frameworks */,
				9709D50605A49C8668634900 /* Pods_ARDesigner.framework in Frameworks */,
				2C0C898F208DC91C0096E6DB /* Pods_ARDesigner.framework in Frameworks */,
			);
			runOnlyForDeploymentPostprocessing = 0;
		};
/* End PBXFrameworksBuildPhase section */

/* Begin PBXGroup section */
		03A6F476B7962EED7DDDB28D /* Pods */ = {
			isa = PBXGroup;
			children = (
				3AEE56317FCA11D186EC9FD4 /* Pods-ARDesigner.debug.xcconfig */,
				EC80B1CBD77CBA3A9961A0A5 /* Pods-ARDesigner.release.xcconfig */,
			);
			name = Pods;
			sourceTree = "<group>";
		};
		2C087F1320867787002C4C60 /* OnboardViewController */ = {
			isa = PBXGroup;
			children = (
				2C087F112086777B002C4C60 /* OnboardViewController.swift */,
			);
			path = OnboardViewController;
			sourceTree = "<group>";
		};
		2C2C90282060207500E48DA2 /* DownloadViewController */ = {
			isa = PBXGroup;
			children = (
				2C2C902C206020CA00E48DA2 /* DownloadViewController.swift */,
				2C2C902D206020CA00E48DA2 /* DownloadViewController+FolderFunctions.swift */,
				2C2C902A206020CA00E48DA2 /* DownloadViewController+Functionality.swift */,
				2C2C902B206020CA00E48DA2 /* DownloadViewController+TableView.swift */,
				2C2C9029206020CA00E48DA2 /* DownloadViewController+ViewInitialization.swift */,
			);
			name = DownloadViewController;
			path = "New Group";
			sourceTree = "<group>";
		};
		2C2C9037206021B400E48DA2 /* GoogleDriveViewController */ = {
			isa = PBXGroup;
			children = (
				2C2C903A206027B400E48DA2 /* GoogleDriveViewController.swift */,
			);
			path = GoogleDriveViewController;
			sourceTree = "<group>";
		};
		2C31B3A7206145A40039AA2F /* ModelTableViewController */ = {
			isa = PBXGroup;
			children = (
				C730BC0C2039D093005ACC4F /* AddModelViewController.swift */,
			);
			path = ModelTableViewController;
			sourceTree = "<group>";
		};
		2C31B3A8206145C20039AA2F /* SecondaryViews */ = {
			isa = PBXGroup;
			children = (
				2C31B39D206121270039AA2F /* SelectDownloadSource.swift */,
			);
			path = SecondaryViews;
			sourceTree = "<group>";
		};
		2C3C69922029F84A009BE216 = {
			isa = PBXGroup;
			children = (
				2C087F1420867D0B002C4C60 /* paper_onboarding.framework */,
				2C087F0E208676A2002C4C60 /* paper_onboarding.framework */,
				2C0D4903204DADB4004DB077 /* GoogleService-Info.plist */,
				2CE9CFC32049791500ACCDB7 /* AssimpKit.framework */,
				2C3C699D2029F84B009BE216 /* ARDesigner */,
				2C3C699C2029F84B009BE216 /* Products */,
				03A6F476B7962EED7DDDB28D /* Pods */,
				9E471929ECB3826CCF55DA05 /* Frameworks */,
			);
			sourceTree = "<group>";
		};
		2C3C699C2029F84B009BE216 /* Products */ = {
			isa = PBXGroup;
			children = (
				2C3C699B2029F84B009BE216 /* ARDesigner.app */,
			);
			name = Products;
			sourceTree = "<group>";
		};
		2C3C699D2029F84B009BE216 /* ARDesigner */ = {
			isa = PBXGroup;
			children = (
				2CE9D245208716020083F6FA /* flash.mp3 */,
				2C3B5BB22051C25600266544 /* BB */,
				C76E1092203CBA9F00E75A81 /* models */,
				2CF8D6242038620B00FB0CAB /* Storyboards */,
				2CF8D623203861F100FB0CAB /* ViewControllers */,
				2CF8D6252038622000FB0CAB /* Supporting Files */,
				2C3C69A02029F84B009BE216 /* art.scnassets */,
				2C3C69A72029F84B009BE216 /* Assets.xcassets */,
				2C3C69AC2029F84B009BE216 /* Info.plist */,
			);
			path = ARDesigner;
			sourceTree = "<group>";
		};
		2CBB77042084A9AD007D8559 /* VideoRecorder */ = {
			isa = PBXGroup;
			children = (
				2CBB77052084A9C6007D8559 /* PhotoAndVideoRecorder.swift */,
			);
			path = VideoRecorder;
			sourceTree = "<group>";
		};
		2CF521CD205E488600FE93B4 /* MainViewController */ = {
			isa = PBXGroup;
			children = (
				2C3C69A22029F84B009BE216 /* MainViewController.swift */,
				2CF8D626203862C300FB0CAB /* MainViewController+ARSCNViewDelegate.swift */,
				2C77BB9E203CBAF0001EF77F /* MainViewController+AddModel.swift */,
				2C77BB9F203CBAF0001EF77F /* MainViewController+ManageModel.swift */,
				2C77BBA4203D3FB5001EF77F /* MainViewController+TableView.swift */,
				2C0C8991208E25E40096E6DB /* MainViewController+ImagePickerControllerDelegate.swift */,
				2C487F6B2094FFE8003AC608 /* MainViewController+ToolBox.swift */,
			);
			path = MainViewController;
			sourceTree = "<group>";
		};
		2CF8D623203861F100FB0CAB /* ViewControllers */ = {
			isa = PBXGroup;
			children = (
				2C087F1320867787002C4C60 /* OnboardViewController */,
				2CBB77042084A9AD007D8559 /* VideoRecorder */,
				2C31B3A8206145C20039AA2F /* SecondaryViews */,
				2C31B3A7206145A40039AA2F /* ModelTableViewController */,
				2C2C9037206021B400E48DA2 /* GoogleDriveViewController */,
				2C2C90282060207500E48DA2 /* DownloadViewController */,
				2CF521CD205E488600FE93B4 /* MainViewController */,
			);
			path = ViewControllers;
			sourceTree = "<group>";
		};
		2CF8D6242038620B00FB0CAB /* Storyboards */ = {
			isa = PBXGroup;
			children = (
				2C3C69A42029F84B009BE216 /* Main.storyboard */,
				2C3C69A92029F84B009BE216 /* LaunchScreen.storyboard */,
			);
			path = Storyboards;
			sourceTree = "<group>";
		};
		2CF8D6252038622000FB0CAB /* Supporting Files */ = {
			isa = PBXGroup;
			children = (
				2C487F6D2095F4F8003AC608 /* MeasurementTool.swift */,
				2CF8D62C2038B8EF00FB0CAB /* SphereNode.swift */,
				2C2C90352060217F00E48DA2 /* String.swift */,
				2C2C90332060211700E48DA2 /* GDMaybeDBFile.swift */,
				2C3C699E2029F84B009BE216 /* AppDelegate.swift */,
				2C77BBA2203CBB24001EF77F /* ModelManager.swift */,
				2CF8D6282038632300FB0CAB /* Extensions.swift */,
				C7394F21203C5F3F002B6494 /* DirectoryManager.swift */,
				2CE9CFC520497A8600ACCDB7 /* ARDesigner-Bridging-Header.h */,
			);
			path = "Supporting Files";
			sourceTree = "<group>";
		};
		9E471929ECB3826CCF55DA05 /* Frameworks */ = {
			isa = PBXGroup;
			children = (
				B6672F71678831FB411C0875 /* Pods_ARDesigner.framework */,
			);
			name = Frameworks;
			sourceTree = "<group>";
		};
/* End PBXGroup section */

/* Begin PBXNativeTarget section */
		2C3C699A2029F84B009BE216 /* ARDesigner */ = {
			isa = PBXNativeTarget;
			buildConfigurationList = 2C3C69AF2029F84B009BE216 /* Build configuration list for PBXNativeTarget "ARDesigner" */;
			buildPhases = (
				0A9E1901286F831203F8B8FE /* [CP] Check Pods Manifest.lock */,
				2C3C69972029F84B009BE216 /* Sources */,
				2C3C69982029F84B009BE216 /* Frameworks */,
				2C3C69992029F84B009BE216 /* Resources */,
				2CE9CFCC20497F5D00ACCDB7 /* Embed Frameworks */,
				4F0C48C477C9B48A1B2FE946 /* [CP] Embed Pods Frameworks */,
				79206BF95502C194813C110D /* [CP] Copy Pods Resources */,
			);
			buildRules = (
			);
			dependencies = (
			);
			name = ARDesigner;
			productName = ARDesigner;
			productReference = 2C3C699B2029F84B009BE216 /* ARDesigner.app */;
			productType = "com.apple.product-type.application";
		};
/* End PBXNativeTarget section */

/* Begin PBXProject section */
		2C3C69932029F84A009BE216 /* Project object */ = {
			isa = PBXProject;
			attributes = {
				LastSwiftUpdateCheck = 0920;
				LastUpgradeCheck = 0920;
				ORGANIZATIONNAME = 3.45;
				TargetAttributes = {
					2C3C699A2029F84B009BE216 = {
						CreatedOnToolsVersion = 9.2;
						ProvisioningStyle = Automatic;
					};
				};
			};
			buildConfigurationList = 2C3C69962029F84A009BE216 /* Build configuration list for PBXProject "ARDesigner" */;
			compatibilityVersion = "Xcode 8.0";
			developmentRegion = en;
			hasScannedForEncodings = 0;
			knownRegions = (
				en,
				Base,
			);
			mainGroup = 2C3C69922029F84A009BE216;
			productRefGroup = 2C3C699C2029F84B009BE216 /* Products */;
			projectDirPath = "";
			projectRoot = "";
			targets = (
				2C3C699A2029F84B009BE216 /* ARDesigner */,
			);
		};
/* End PBXProject section */

/* Begin PBXResourcesBuildPhase section */
		2C3C69992029F84B009BE216 /* Resources */ = {
			isa = PBXResourcesBuildPhase;
			buildActionMask = 2147483647;
			files = (
				C76E1093203CBAA000E75A81 /* models in Resources */,
				2C3C69A12029F84B009BE216 /* art.scnassets in Resources */,
				2C3C69AB2029F84B009BE216 /* LaunchScreen.storyboard in Resources */,
				2C3C69A82029F84B009BE216 /* Assets.xcassets in Resources */,
				2C3B5BB32051C25700266544 /* BB in Resources */,
				2CE9D246208716020083F6FA /* flash.mp3 in Resources */,
				2C3C69A62029F84B009BE216 /* Main.storyboard in Resources */,
				2C0D4904204DADB5004DB077 /* GoogleService-Info.plist in Resources */,
			);
			runOnlyForDeploymentPostprocessing = 0;
		};
/* End PBXResourcesBuildPhase section */

/* Begin PBXShellScriptBuildPhase section */
		0A9E1901286F831203F8B8FE /* [CP] Check Pods Manifest.lock */ = {
			isa = PBXShellScriptBuildPhase;
			buildActionMask = 2147483647;
			files = (
			);
			inputPaths = (
				"${PODS_PODFILE_DIR_PATH}/Podfile.lock",
				"${PODS_ROOT}/Manifest.lock",
			);
			name = "[CP] Check Pods Manifest.lock";
			outputPaths = (
				"$(DERIVED_FILE_DIR)/Pods-ARDesigner-checkManifestLockResult.txt",
			);
			runOnlyForDeploymentPostprocessing = 0;
			shellPath = /bin/sh;
			shellScript = "diff \"${PODS_PODFILE_DIR_PATH}/Podfile.lock\" \"${PODS_ROOT}/Manifest.lock\" > /dev/null\nif [ $? != 0 ] ; then\n    # print error to STDERR\n    echo \"error: The sandbox is not in sync with the Podfile.lock. Run 'pod install' or update your CocoaPods installation.\" >&2\n    exit 1\nfi\n# This output is used by Xcode 'outputs' to avoid re-running this script phase.\necho \"SUCCESS\" > \"${SCRIPT_OUTPUT_FILE_0}\"\n";
			showEnvVarsInLog = 0;
		};
		4F0C48C477C9B48A1B2FE946 /* [CP] Embed Pods Frameworks */ = {
			isa = PBXShellScriptBuildPhase;
			buildActionMask = 2147483647;
			files = (
			);
			inputPaths = (
				"${SRCROOT}/Pods/Target Support Files/Pods-ARDesigner/Pods-ARDesigner-frameworks.sh",
				"${BUILT_PRODUCTS_DIR}/GTMOAuth2/GTMOAuth2.framework",
				"${BUILT_PRODUCTS_DIR}/GTMSessionFetcher/GTMSessionFetcher.framework",
				"${BUILT_PRODUCTS_DIR}/GoogleAPIClientForREST/GoogleAPIClientForREST.framework",
				"${BUILT_PRODUCTS_DIR}/GoogleToolboxForMac/GoogleToolboxForMac.framework",
				"${BUILT_PRODUCTS_DIR}/Zip/Zip.framework",
				"${BUILT_PRODUCTS_DIR}/paper-onboarding/paper_onboarding.framework",
			);
			name = "[CP] Embed Pods Frameworks";
			outputPaths = (
				"${TARGET_BUILD_DIR}/${FRAMEWORKS_FOLDER_PATH}/GTMOAuth2.framework",
				"${TARGET_BUILD_DIR}/${FRAMEWORKS_FOLDER_PATH}/GTMSessionFetcher.framework",
				"${TARGET_BUILD_DIR}/${FRAMEWORKS_FOLDER_PATH}/GoogleAPIClientForREST.framework",
				"${TARGET_BUILD_DIR}/${FRAMEWORKS_FOLDER_PATH}/GoogleToolboxForMac.framework",
				"${TARGET_BUILD_DIR}/${FRAMEWORKS_FOLDER_PATH}/Zip.framework",
				"${TARGET_BUILD_DIR}/${FRAMEWORKS_FOLDER_PATH}/paper_onboarding.framework",
			);
			runOnlyForDeploymentPostprocessing = 0;
			shellPath = /bin/sh;
			shellScript = "\"${SRCROOT}/Pods/Target Support Files/Pods-ARDesigner/Pods-ARDesigner-frameworks.sh\"\n";
			showEnvVarsInLog = 0;
		};
		79206BF95502C194813C110D /* [CP] Copy Pods Resources */ = {
			isa = PBXShellScriptBuildPhase;
			buildActionMask = 2147483647;
			files = (
			);
			inputPaths = (
				"${SRCROOT}/Pods/Target Support Files/Pods-ARDesigner/Pods-ARDesigner-resources.sh",
				"${PODS_ROOT}/GoogleSignIn/Resources/GoogleSignIn.bundle",
			);
			name = "[CP] Copy Pods Resources";
			outputPaths = (
				"${TARGET_BUILD_DIR}/${UNLOCALIZED_RESOURCES_FOLDER_PATH}/GoogleSignIn.bundle",
			);
			runOnlyForDeploymentPostprocessing = 0;
			shellPath = /bin/sh;
			shellScript = "\"${SRCROOT}/Pods/Target Support Files/Pods-ARDesigner/Pods-ARDesigner-resources.sh\"\n";
			showEnvVarsInLog = 0;
		};
/* End PBXShellScriptBuildPhase section */

/* Begin PBXSourcesBuildPhase section */
		2C3C69972029F84B009BE216 /* Sources */ = {
			isa = PBXSourcesBuildPhase;
			buildActionMask = 2147483647;
			files = (
				2C0C8992208E25E40096E6DB /* MainViewController+ImagePickerControllerDelegate.swift in Sources */,
				C730BC0D2039D093005ACC4F /* AddModelViewController.swift in Sources */,
				2C487F6C2094FFE8003AC608 /* MainViewController+ToolBox.swift in Sources */,
				2C2C90362060217F00E48DA2 /* String.swift in Sources */,
				2C2C9031206020CA00E48DA2 /* DownloadViewController.swift in Sources */,
				C7394F22203C5F3F002B6494 /* DirectoryManager.swift in Sources */,
				2C77BBA1203CBAF0001EF77F /* MainViewController+ManageModel.swift in Sources */,
				2CBB77062084A9C6007D8559 /* PhotoAndVideoRecorder.swift in Sources */,
				2CF8D627203862C300FB0CAB /* MainViewController+ARSCNViewDelegate.swift in Sources */,
				2C31B39E206121270039AA2F /* SelectDownloadSource.swift in Sources */,
				2C3C69A32029F84B009BE216 /* MainViewController.swift in Sources */,
				2C2C90342060211800E48DA2 /* GDMaybeDBFile.swift in Sources */,
				2C2C9030206020CA00E48DA2 /* DownloadViewController+TableView.swift in Sources */,
				2C2C9032206020CA00E48DA2 /* DownloadViewController+FolderFunctions.swift in Sources */,
				2C3C699F2029F84B009BE216 /* AppDelegate.swift in Sources */,
				2C77BBA0203CBAF0001EF77F /* MainViewController+AddModel.swift in Sources */,
				2C77BBA5203D3FB5001EF77F /* MainViewController+TableView.swift in Sources */,
				2C2C902F206020CA00E48DA2 /* DownloadViewController+Functionality.swift in Sources */,
				2C2C902E206020CA00E48DA2 /* DownloadViewController+ViewInitialization.swift in Sources */,
				2C087F122086777B002C4C60 /* OnboardViewController.swift in Sources */,
				2C77BBA3203CBB24001EF77F /* ModelManager.swift in Sources */,
				2C2C903B206027B400E48DA2 /* GoogleDriveViewController.swift in Sources */,
				2CF8D62D2038B8EF00FB0CAB /* SphereNode.swift in Sources */,
				2CF8D6292038632300FB0CAB /* Extensions.swift in Sources */,
				2C487F6E2095F4F8003AC608 /* MeasurementTool.swift in Sources */,
			);
			runOnlyForDeploymentPostprocessing = 0;
		};
/* End PBXSourcesBuildPhase section */

/* Begin PBXVariantGroup section */
		2C3C69A42029F84B009BE216 /* Main.storyboard */ = {
			isa = PBXVariantGroup;
			children = (
				2C3C69A52029F84B009BE216 /* Base */,
			);
			name = Main.storyboard;
			sourceTree = "<group>";
		};
		2C3C69A92029F84B009BE216 /* LaunchScreen.storyboard */ = {
			isa = PBXVariantGroup;
			children = (
				2C3C69AA2029F84B009BE216 /* Base */,
			);
			name = LaunchScreen.storyboard;
			sourceTree = "<group>";
		};
/* End PBXVariantGroup section */

/* Begin XCBuildConfiguration section */
		2C3C69AD2029F84B009BE216 /* Debug */ = {
			isa = XCBuildConfiguration;
			buildSettings = {
				ALWAYS_SEARCH_USER_PATHS = NO;
				CLANG_ANALYZER_NONNULL = YES;
				CLANG_ANALYZER_NUMBER_OBJECT_CONVERSION = YES_AGGRESSIVE;
				CLANG_CXX_LANGUAGE_STANDARD = "gnu++14";
				CLANG_CXX_LIBRARY = "libc++";
				CLANG_ENABLE_MODULES = YES;
				CLANG_ENABLE_OBJC_ARC = YES;
				CLANG_WARN_BLOCK_CAPTURE_AUTORELEASING = YES;
				CLANG_WARN_BOOL_CONVERSION = YES;
				CLANG_WARN_COMMA = YES;
				CLANG_WARN_CONSTANT_CONVERSION = YES;
				CLANG_WARN_DIRECT_OBJC_ISA_USAGE = YES_ERROR;
				CLANG_WARN_DOCUMENTATION_COMMENTS = YES;
				CLANG_WARN_EMPTY_BODY = YES;
				CLANG_WARN_ENUM_CONVERSION = YES;
				CLANG_WARN_INFINITE_RECURSION = YES;
				CLANG_WARN_INT_CONVERSION = YES;
				CLANG_WARN_NON_LITERAL_NULL_CONVERSION = YES;
				CLANG_WARN_OBJC_LITERAL_CONVERSION = YES;
				CLANG_WARN_OBJC_ROOT_CLASS = YES_ERROR;
				CLANG_WARN_RANGE_LOOP_ANALYSIS = YES;
				CLANG_WARN_STRICT_PROTOTYPES = YES;
				CLANG_WARN_SUSPICIOUS_MOVE = YES;
				CLANG_WARN_UNGUARDED_AVAILABILITY = YES_AGGRESSIVE;
				CLANG_WARN_UNREACHABLE_CODE = YES;
				CLANG_WARN__DUPLICATE_METHOD_MATCH = YES;
				CODE_SIGN_IDENTITY = "iPhone Developer";
				COPY_PHASE_STRIP = NO;
				DEBUG_INFORMATION_FORMAT = dwarf;
				ENABLE_STRICT_OBJC_MSGSEND = YES;
				ENABLE_TESTABILITY = YES;
				GCC_C_LANGUAGE_STANDARD = gnu11;
				GCC_DYNAMIC_NO_PIC = NO;
				GCC_NO_COMMON_BLOCKS = YES;
				GCC_OPTIMIZATION_LEVEL = 0;
				GCC_PREPROCESSOR_DEFINITIONS = (
					"DEBUG=1",
					"$(inherited)",
				);
				GCC_WARN_64_TO_32_BIT_CONVERSION = YES;
				GCC_WARN_ABOUT_RETURN_TYPE = YES_ERROR;
				GCC_WARN_UNDECLARED_SELECTOR = YES;
				GCC_WARN_UNINITIALIZED_AUTOS = YES_AGGRESSIVE;
				GCC_WARN_UNUSED_FUNCTION = YES;
				GCC_WARN_UNUSED_VARIABLE = YES;
				IPHONEOS_DEPLOYMENT_TARGET = 11.3;
				MTL_ENABLE_DEBUG_INFO = YES;
				ONLY_ACTIVE_ARCH = YES;
				SDKROOT = iphoneos;
				SWIFT_ACTIVE_COMPILATION_CONDITIONS = DEBUG;
				SWIFT_OPTIMIZATION_LEVEL = "-Onone";
			};
			name = Debug;
		};
		2C3C69AE2029F84B009BE216 /* Release */ = {
			isa = XCBuildConfiguration;
			buildSettings = {
				ALWAYS_SEARCH_USER_PATHS = NO;
				CLANG_ANALYZER_NONNULL = YES;
				CLANG_ANALYZER_NUMBER_OBJECT_CONVERSION = YES_AGGRESSIVE;
				CLANG_CXX_LANGUAGE_STANDARD = "gnu++14";
				CLANG_CXX_LIBRARY = "libc++";
				CLANG_ENABLE_MODULES = YES;
				CLANG_ENABLE_OBJC_ARC = YES;
				CLANG_WARN_BLOCK_CAPTURE_AUTORELEASING = YES;
				CLANG_WARN_BOOL_CONVERSION = YES;
				CLANG_WARN_COMMA = YES;
				CLANG_WARN_CONSTANT_CONVERSION = YES;
				CLANG_WARN_DIRECT_OBJC_ISA_USAGE = YES_ERROR;
				CLANG_WARN_DOCUMENTATION_COMMENTS = YES;
				CLANG_WARN_EMPTY_BODY = YES;
				CLANG_WARN_ENUM_CONVERSION = YES;
				CLANG_WARN_INFINITE_RECURSION = YES;
				CLANG_WARN_INT_CONVERSION = YES;
				CLANG_WARN_NON_LITERAL_NULL_CONVERSION = YES;
				CLANG_WARN_OBJC_LITERAL_CONVERSION = YES;
				CLANG_WARN_OBJC_ROOT_CLASS = YES_ERROR;
				CLANG_WARN_RANGE_LOOP_ANALYSIS = YES;
				CLANG_WARN_STRICT_PROTOTYPES = YES;
				CLANG_WARN_SUSPICIOUS_MOVE = YES;
				CLANG_WARN_UNGUARDED_AVAILABILITY = YES_AGGRESSIVE;
				CLANG_WARN_UNREACHABLE_CODE = YES;
				CLANG_WARN__DUPLICATE_METHOD_MATCH = YES;
				CODE_SIGN_IDENTITY = "iPhone Developer";
				COPY_PHASE_STRIP = NO;
				DEBUG_INFORMATION_FORMAT = "dwarf-with-dsym";
				ENABLE_NS_ASSERTIONS = NO;
				ENABLE_STRICT_OBJC_MSGSEND = YES;
				GCC_C_LANGUAGE_STANDARD = gnu11;
				GCC_NO_COMMON_BLOCKS = YES;
				GCC_WARN_64_TO_32_BIT_CONVERSION = YES;
				GCC_WARN_ABOUT_RETURN_TYPE = YES_ERROR;
				GCC_WARN_UNDECLARED_SELECTOR = YES;
				GCC_WARN_UNINITIALIZED_AUTOS = YES_AGGRESSIVE;
				GCC_WARN_UNUSED_FUNCTION = YES;
				GCC_WARN_UNUSED_VARIABLE = YES;
				IPHONEOS_DEPLOYMENT_TARGET = 11.3;
				MTL_ENABLE_DEBUG_INFO = NO;
				SDKROOT = iphoneos;
				SWIFT_OPTIMIZATION_LEVEL = "-Owholemodule";
				VALIDATE_PRODUCT = YES;
			};
			name = Release;
		};
		2C3C69B02029F84B009BE216 /* Debug */ = {
			isa = XCBuildConfiguration;
			baseConfigurationReference = 3AEE56317FCA11D186EC9FD4 /* Pods-ARDesigner.debug.xcconfig */;
			buildSettings = {
				ASSETCATALOG_COMPILER_APPICON_NAME = AppIcon;
				CODE_SIGN_STYLE = Automatic;
				DEVELOPMENT_TEAM = JXCL7H2Z3W;
				ENABLE_BITCODE = NO;
				FRAMEWORK_SEARCH_PATHS = (
					"$(inherited)",
					"$(PROJECT_DIR)/Frameworks",
				);
				INFOPLIST_FILE = ARDesigner/Info.plist;
				IPHONEOS_DEPLOYMENT_TARGET = 11.3;
				LD_RUNPATH_SEARCH_PATHS = "$(inherited) @executable_path/Frameworks";
				PRODUCT_BUNDLE_IDENTIFIER = com.IvanKseniyaAlexandraEugene.ARDesigner;
				PRODUCT_NAME = "$(TARGET_NAME)";
				SWIFT_OBJC_BRIDGING_HEADER = "$(PROJECT_DIR)/ARDesigner/Supporting Files/ARDesigner-Bridging-Header.h";
				SWIFT_PRECOMPILE_BRIDGING_HEADER = NO;
				SWIFT_VERSION = 4.0;
				TARGETED_DEVICE_FAMILY = "1,2";
			};
			name = Debug;
		};
		2C3C69B12029F84B009BE216 /* Release */ = {
			isa = XCBuildConfiguration;
			baseConfigurationReference = EC80B1CBD77CBA3A9961A0A5 /* Pods-ARDesigner.release.xcconfig */;
			buildSettings = {
				ASSETCATALOG_COMPILER_APPICON_NAME = AppIcon;
				CODE_SIGN_STYLE = Automatic;
				DEVELOPMENT_TEAM = JXCL7H2Z3W;
				ENABLE_BITCODE = NO;
				FRAMEWORK_SEARCH_PATHS = (
					"$(inherited)",
					"$(PROJECT_DIR)/Frameworks",
				);
				INFOPLIST_FILE = ARDesigner/Info.plist;
				IPHONEOS_DEPLOYMENT_TARGET = 11.3;
				LD_RUNPATH_SEARCH_PATHS = "$(inherited) @executable_path/Frameworks";
				PRODUCT_BUNDLE_IDENTIFIER = com.IvanKseniyaAlexandraEugene.ARDesigner;
				PRODUCT_NAME = "$(TARGET_NAME)";
				SWIFT_OBJC_BRIDGING_HEADER = "$(PROJECT_DIR)/ARDesigner/Supporting Files/ARDesigner-Bridging-Header.h";
				SWIFT_PRECOMPILE_BRIDGING_HEADER = NO;
				SWIFT_VERSION = 4.0;
				TARGETED_DEVICE_FAMILY = "1,2";
			};
			name = Release;
		};
/* End XCBuildConfiguration section */

/* Begin XCConfigurationList section */
		2C3C69962029F84A009BE216 /* Build configuration list for PBXProject "ARDesigner" */ = {
			isa = XCConfigurationList;
			buildConfigurations = (
				2C3C69AD2029F84B009BE216 /* Debug */,
				2C3C69AE2029F84B009BE216 /* Release */,
			);
			defaultConfigurationIsVisible = 0;
			defaultConfigurationName = Release;
		};
		2C3C69AF2029F84B009BE216 /* Build configuration list for PBXNativeTarget "ARDesigner" */ = {
			isa = XCConfigurationList;
			buildConfigurations = (
				2C3C69B02029F84B009BE216 /* Debug */,
				2C3C69B12029F84B009BE216 /* Release */,
			);
			defaultConfigurationIsVisible = 0;
			defaultConfigurationName = Release;
		};
/* End XCConfigurationList section */
	};
	rootObject = 2C3C69932029F84A009BE216 /* Project object */;
}
